// !$*UTF8*$!
{
	archiveVersion = 1;
	classes = {
	};
	objectVersion = 46;
	objects = {

/* Begin PBXBuildFile section */
		151490811E37C21D00CE356A /* AppDelegate.swift in Sources */ = {isa = PBXBuildFile; fileRef = 151490801E37C21D00CE356A /* AppDelegate.swift */; };
		151490831E37C21D00CE356A /* ViewController.swift in Sources */ = {isa = PBXBuildFile; fileRef = 151490821E37C21D00CE356A /* ViewController.swift */; };
		151490861E37C21D00CE356A /* Main.storyboard in Resources */ = {isa = PBXBuildFile; fileRef = 151490841E37C21D00CE356A /* Main.storyboard */; };
		151490881E37C21D00CE356A /* Assets.xcassets in Resources */ = {isa = PBXBuildFile; fileRef = 151490871E37C21D00CE356A /* Assets.xcassets */; };
		1514908B1E37C21D00CE356A /* LaunchScreen.storyboard in Resources */ = {isa = PBXBuildFile; fileRef = 151490891E37C21D00CE356A /* LaunchScreen.storyboard */; };
		1554497D1E3C2E99008C6BAF /* GoogleService-Info.plist in Resources */ = {isa = PBXBuildFile; fileRef = 1554497C1E3C2E99008C6BAF /* GoogleService-Info.plist */; };
		155449B11E3D20F2008C6BAF /* GeoFire.m in Sources */ = {isa = PBXBuildFile; fileRef = 155449A81E3D20F2008C6BAF /* GeoFire.m */; };
		155449B21E3D20F2008C6BAF /* GFBase32Utils.m in Sources */ = {isa = PBXBuildFile; fileRef = 155449AA1E3D20F2008C6BAF /* GFBase32Utils.m */; };
		155449B31E3D20F2008C6BAF /* GFGeoHash.m in Sources */ = {isa = PBXBuildFile; fileRef = 155449AC1E3D20F2008C6BAF /* GFGeoHash.m */; };
		155449B41E3D20F2008C6BAF /* GFGeoHashQuery.m in Sources */ = {isa = PBXBuildFile; fileRef = 155449AE1E3D20F2008C6BAF /* GFGeoHashQuery.m */; };
		155449B51E3D20F2008C6BAF /* GFQuery.m in Sources */ = {isa = PBXBuildFile; fileRef = 155449B01E3D20F2008C6BAF /* GFQuery.m */; };
		155449BC1E3D260E008C6BAF /* PokeAnnotation.swift in Sources */ = {isa = PBXBuildFile; fileRef = 155449BB1E3D260E008C6BAF /* PokeAnnotation.swift */; };
		2FD3DDA6DD1F9F0F6A3CA23C /* Pods_PokeFinder.framework in Frameworks */ = {isa = PBXBuildFile; fileRef = C6DEA3E2B9BB5B477299707E /* Pods_PokeFinder.framework */; };
/* End PBXBuildFile section */

/* Begin PBXFileReference section */
		1514907D1E37C21D00CE356A /* PokeFinder.app */ = {isa = PBXFileReference; explicitFileType = wrapper.application; includeInIndex = 0; path = PokeFinder.app; sourceTree = BUILT_PRODUCTS_DIR; };
		151490801E37C21D00CE356A /* AppDelegate.swift */ = {isa = PBXFileReference; lastKnownFileType = sourcecode.swift; path = AppDelegate.swift; sourceTree = "<group>"; };
		151490821E37C21D00CE356A /* ViewController.swift */ = {isa = PBXFileReference; lastKnownFileType = sourcecode.swift; path = ViewController.swift; sourceTree = "<group>"; };
		151490851E37C21D00CE356A /* Base */ = {isa = PBXFileReference; lastKnownFileType = file.storyboard; name = Base; path = Base.lproj/Main.storyboard; sourceTree = "<group>"; };
		151490871E37C21D00CE356A /* Assets.xcassets */ = {isa = PBXFileReference; lastKnownFileType = folder.assetcatalog; path = Assets.xcassets; sourceTree = "<group>"; };
		1514908A1E37C21D00CE356A /* Base */ = {isa = PBXFileReference; lastKnownFileType = file.storyboard; name = Base; path = Base.lproj/LaunchScreen.storyboard; sourceTree = "<group>"; };
		1514908C1E37C21D00CE356A /* Info.plist */ = {isa = PBXFileReference; lastKnownFileType = text.plist.xml; path = Info.plist; sourceTree = "<group>"; };
		1554497C1E3C2E99008C6BAF /* GoogleService-Info.plist */ = {isa = PBXFileReference; fileEncoding = 4; lastKnownFileType = text.plist.xml; path = "GoogleService-Info.plist"; sourceTree = "<group>"; };
		1554499B1E3D208B008C6BAF /* PokeFinder-Bridging-Header.h */ = {isa = PBXFileReference; lastKnownFileType = sourcecode.c.h; path = "PokeFinder-Bridging-Header.h"; sourceTree = "<group>"; };
		155449A11E3D20F2008C6BAF /* GeoFire.h */ = {isa = PBXFileReference; fileEncoding = 4; lastKnownFileType = sourcecode.c.h; path = GeoFire.h; sourceTree = "<group>"; };
		155449A21E3D20F2008C6BAF /* GFCircleQuery.h */ = {isa = PBXFileReference; fileEncoding = 4; lastKnownFileType = sourcecode.c.h; path = GFCircleQuery.h; sourceTree = "<group>"; };
		155449A31E3D20F2008C6BAF /* GFQuery.h */ = {isa = PBXFileReference; fileEncoding = 4; lastKnownFileType = sourcecode.c.h; path = GFQuery.h; sourceTree = "<group>"; };
		155449A41E3D20F2008C6BAF /* GFRegionQuery.h */ = {isa = PBXFileReference; fileEncoding = 4; lastKnownFileType = sourcecode.c.h; path = GFRegionQuery.h; sourceTree = "<group>"; };
		155449A51E3D20F2008C6BAF /* GeoFire-Prefix.pch */ = {isa = PBXFileReference; fileEncoding = 4; lastKnownFileType = sourcecode.c.h; path = "GeoFire-Prefix.pch"; sourceTree = "<group>"; };
		155449A71E3D20F2008C6BAF /* GeoFire+Private.h */ = {isa = PBXFileReference; fileEncoding = 4; lastKnownFileType = sourcecode.c.h; path = "GeoFire+Private.h"; sourceTree = "<group>"; };
		155449A81E3D20F2008C6BAF /* GeoFire.m */ = {isa = PBXFileReference; fileEncoding = 4; lastKnownFileType = sourcecode.c.objc; path = GeoFire.m; sourceTree = "<group>"; };
		155449A91E3D20F2008C6BAF /* GFBase32Utils.h */ = {isa = PBXFileReference; fileEncoding = 4; lastKnownFileType = sourcecode.c.h; path = GFBase32Utils.h; sourceTree = "<group>"; };
		155449AA1E3D20F2008C6BAF /* GFBase32Utils.m */ = {isa = PBXFileReference; fileEncoding = 4; lastKnownFileType = sourcecode.c.objc; path = GFBase32Utils.m; sourceTree = "<group>"; };
		155449AB1E3D20F2008C6BAF /* GFGeoHash.h */ = {isa = PBXFileReference; fileEncoding = 4; lastKnownFileType = sourcecode.c.h; path = GFGeoHash.h; sourceTree = "<group>"; };
		155449AC1E3D20F2008C6BAF /* GFGeoHash.m */ = {isa = PBXFileReference; fileEncoding = 4; lastKnownFileType = sourcecode.c.objc; path = GFGeoHash.m; sourceTree = "<group>"; };
		155449AD1E3D20F2008C6BAF /* GFGeoHashQuery.h */ = {isa = PBXFileReference; fileEncoding = 4; lastKnownFileType = sourcecode.c.h; path = GFGeoHashQuery.h; sourceTree = "<group>"; };
		155449AE1E3D20F2008C6BAF /* GFGeoHashQuery.m */ = {isa = PBXFileReference; fileEncoding = 4; lastKnownFileType = sourcecode.c.objc; path = GFGeoHashQuery.m; sourceTree = "<group>"; };
		155449AF1E3D20F2008C6BAF /* GFQuery+Private.h */ = {isa = PBXFileReference; fileEncoding = 4; lastKnownFileType = sourcecode.c.h; path = "GFQuery+Private.h"; sourceTree = "<group>"; };
		155449B01E3D20F2008C6BAF /* GFQuery.m */ = {isa = PBXFileReference; fileEncoding = 4; lastKnownFileType = sourcecode.c.objc; path = GFQuery.m; sourceTree = "<group>"; };
		155449BB1E3D260E008C6BAF /* PokeAnnotation.swift */ = {isa = PBXFileReference; fileEncoding = 4; lastKnownFileType = sourcecode.swift; path = PokeAnnotation.swift; sourceTree = "<group>"; };
		1B64E56A9DE14CFFEC52703B /* Pods-PokeFinder.debug.xcconfig */ = {isa = PBXFileReference; includeInIndex = 1; lastKnownFileType = text.xcconfig; name = "Pods-PokeFinder.debug.xcconfig"; path = "Pods/Target Support Files/Pods-PokeFinder/Pods-PokeFinder.debug.xcconfig"; sourceTree = "<group>"; };
		C6DEA3E2B9BB5B477299707E /* Pods_PokeFinder.framework */ = {isa = PBXFileReference; explicitFileType = wrapper.framework; includeInIndex = 0; path = Pods_PokeFinder.framework; sourceTree = BUILT_PRODUCTS_DIR; };
		DC78FFC1B16359EE95017F5E /* Pods-PokeFinder.release.xcconfig */ = {isa = PBXFileReference; includeInIndex = 1; lastKnownFileType = text.xcconfig; name = "Pods-PokeFinder.release.xcconfig"; path = "Pods/Target Support Files/Pods-PokeFinder/Pods-PokeFinder.release.xcconfig"; sourceTree = "<group>"; };
/* End PBXFileReference section */

/* Begin PBXFrameworksBuildPhase section */
		1514907A1E37C21D00CE356A /* Frameworks */ = {
			isa = PBXFrameworksBuildPhase;
			buildActionMask = 2147483647;
			files = (
				2FD3DDA6DD1F9F0F6A3CA23C /* Pods_PokeFinder.framework in Frameworks */,
			);
			runOnlyForDeploymentPostprocessing = 0;
		};
/* End PBXFrameworksBuildPhase section */

/* Begin PBXGroup section */
		151490741E37C21D00CE356A = {
			isa = PBXGroup;
			children = (
				1514907F1E37C21D00CE356A /* PokeFinder */,
				1514907E1E37C21D00CE356A /* Products */,
				87AC2177966C1764A37C1649 /* Pods */,
				EB97BB9513A9AB17450B7EF2 /* Frameworks */,
			);
			sourceTree = "<group>";
		};
		1514907E1E37C21D00CE356A /* Products */ = {
			isa = PBXGroup;
			children = (
				1514907D1E37C21D00CE356A /* PokeFinder.app */,
			);
			name = Products;
			sourceTree = "<group>";
		};
		1514907F1E37C21D00CE356A /* PokeFinder */ = {
			isa = PBXGroup;
			children = (
				151490801E37C21D00CE356A /* AppDelegate.swift */,
				155449B91E3D25D4008C6BAF /* Util */,
				155449B81E3D25A0008C6BAF /* Model */,
				155449B71E3D259B008C6BAF /* View */,
				155449B61E3D2596008C6BAF /* Controller */,
				155449BA1E3D25E2008C6BAF /* Plists */,
				151490871E37C21D00CE356A /* Assets.xcassets */,
				1554499B1E3D208B008C6BAF /* PokeFinder-Bridging-Header.h */,
			);
			path = PokeFinder;
			sourceTree = "<group>";
		};
		1554499F1E3D20F2008C6BAF /* GeoFire */ = {
			isa = PBXGroup;
			children = (
				155449A01E3D20F2008C6BAF /* API */,
				155449A51E3D20F2008C6BAF /* GeoFire-Prefix.pch */,
				155449A61E3D20F2008C6BAF /* Implementation */,
			);
			path = GeoFire;
			sourceTree = "<group>";
		};
		155449A01E3D20F2008C6BAF /* API */ = {
			isa = PBXGroup;
			children = (
				155449A11E3D20F2008C6BAF /* GeoFire.h */,
				155449A21E3D20F2008C6BAF /* GFCircleQuery.h */,
				155449A31E3D20F2008C6BAF /* GFQuery.h */,
				155449A41E3D20F2008C6BAF /* GFRegionQuery.h */,
			);
			path = API;
			sourceTree = "<group>";
		};
		155449A61E3D20F2008C6BAF /* Implementation */ = {
			isa = PBXGroup;
			children = (
				155449A71E3D20F2008C6BAF /* GeoFire+Private.h */,
				155449A81E3D20F2008C6BAF /* GeoFire.m */,
				155449A91E3D20F2008C6BAF /* GFBase32Utils.h */,
				155449AA1E3D20F2008C6BAF /* GFBase32Utils.m */,
				155449AB1E3D20F2008C6BAF /* GFGeoHash.h */,
				155449AC1E3D20F2008C6BAF /* GFGeoHash.m */,
				155449AD1E3D20F2008C6BAF /* GFGeoHashQuery.h */,
				155449AE1E3D20F2008C6BAF /* GFGeoHashQuery.m */,
				155449AF1E3D20F2008C6BAF /* GFQuery+Private.h */,
				155449B01E3D20F2008C6BAF /* GFQuery.m */,
			);
			path = Implementation;
			sourceTree = "<group>";
		};
		155449B61E3D2596008C6BAF /* Controller */ = {
			isa = PBXGroup;
			children = (
				151490821E37C21D00CE356A /* ViewController.swift */,
			);
			name = Controller;
			sourceTree = "<group>";
		};
		155449B71E3D259B008C6BAF /* View */ = {
			isa = PBXGroup;
			children = (
				151490841E37C21D00CE356A /* Main.storyboard */,
				151490891E37C21D00CE356A /* LaunchScreen.storyboard */,
			);
			name = View;
			sourceTree = "<group>";
		};
		155449B81E3D25A0008C6BAF /* Model */ = {
			isa = PBXGroup;
			children = (
				155449BB1E3D260E008C6BAF /* PokeAnnotation.swift */,
			);
			name = Model;
			sourceTree = "<group>";
		};
		155449B91E3D25D4008C6BAF /* Util */ = {
			isa = PBXGroup;
			children = (
				1554499F1E3D20F2008C6BAF /* GeoFire */,
			);
			name = Util;
			sourceTree = "<group>";
		};
		155449BA1E3D25E2008C6BAF /* Plists */ = {
			isa = PBXGroup;
			children = (
				1554497C1E3C2E99008C6BAF /* GoogleService-Info.plist */,
				1514908C1E37C21D00CE356A /* Info.plist */,
			);
			name = Plists;
			sourceTree = "<group>";
		};
		87AC2177966C1764A37C1649 /* Pods */ = {
			isa = PBXGroup;
			children = (
				1B64E56A9DE14CFFEC52703B /* Pods-PokeFinder.debug.xcconfig */,
				DC78FFC1B16359EE95017F5E /* Pods-PokeFinder.release.xcconfig */,
			);
			name = Pods;
			sourceTree = "<group>";
		};
		EB97BB9513A9AB17450B7EF2 /* Frameworks */ = {
			isa = PBXGroup;
			children = (
				C6DEA3E2B9BB5B477299707E /* Pods_PokeFinder.framework */,
			);
			name = Frameworks;
			sourceTree = "<group>";
		};
/* End PBXGroup section */

/* Begin PBXNativeTarget section */
		1514907C1E37C21D00CE356A /* PokeFinder */ = {
			isa = PBXNativeTarget;
			buildConfigurationList = 1514908F1E37C21D00CE356A /* Build configuration list for PBXNativeTarget "PokeFinder" */;
			buildPhases = (
				37C307311C037D168A9A3D7E /* [CP] Check Pods Manifest.lock */,
				151490791E37C21D00CE356A /* Sources */,
				1514907A1E37C21D00CE356A /* Frameworks */,
				1514907B1E37C21D00CE356A /* Resources */,
				1120F274CBC18FFA17E1447A /* [CP] Embed Pods Frameworks */,
				10B59B523A5B5C1B069A0AD6 /* [CP] Copy Pods Resources */,
			);
			buildRules = (
			);
			dependencies = (
			);
			name = PokeFinder;
			productName = PokeFinder;
			productReference = 1514907D1E37C21D00CE356A /* PokeFinder.app */;
			productType = "com.apple.product-type.application";
		};
/* End PBXNativeTarget section */

/* Begin PBXProject section */
		151490751E37C21D00CE356A /* Project object */ = {
			isa = PBXProject;
			attributes = {
				LastSwiftUpdateCheck = 0810;
				LastUpgradeCheck = 0810;
				ORGANIZATIONNAME = "AR Ehsan";
				TargetAttributes = {
					1514907C1E37C21D00CE356A = {
						CreatedOnToolsVersion = 8.1;
						DevelopmentTeam = AF7QK5XC7P;
						LastSwiftMigration = 0810;
						ProvisioningStyle = Automatic;
					};
				};
			};
			buildConfigurationList = 151490781E37C21D00CE356A /* Build configuration list for PBXProject "PokeFinder" */;
			compatibilityVersion = "Xcode 3.2";
			developmentRegion = English;
			hasScannedForEncodings = 0;
			knownRegions = (
				en,
				Base,
			);
			mainGroup = 151490741E37C21D00CE356A;
			productRefGroup = 1514907E1E37C21D00CE356A /* Products */;
			projectDirPath = "";
			projectRoot = "";
			targets = (
				1514907C1E37C21D00CE356A /* PokeFinder */,
			);
		};
/* End PBXProject section */

/* Begin PBXResourcesBuildPhase section */
		1514907B1E37C21D00CE356A /* Resources */ = {
			isa = PBXResourcesBuildPhase;
			buildActionMask = 2147483647;
			files = (
				1514908B1E37C21D00CE356A /* LaunchScreen.storyboard in Resources */,
				1554497D1E3C2E99008C6BAF /* GoogleService-Info.plist in Resources */,
				151490881E37C21D00CE356A /* Assets.xcassets in Resources */,
				151490861E37C21D00CE356A /* Main.storyboard in Resources */,
			);
			runOnlyForDeploymentPostprocessing = 0;
		};
/* End PBXResourcesBuildPhase section */

/* Begin PBXShellScriptBuildPhase section */
		10B59B523A5B5C1B069A0AD6 /* [CP] Copy Pods Resources */ = {
			isa = PBXShellScriptBuildPhase;
			buildActionMask = 2147483647;
			files = (
			);
			inputPaths = (
			);
			name = "[CP] Copy Pods Resources";
			outputPaths = (
			);
			runOnlyForDeploymentPostprocessing = 0;
			shellPath = /bin/sh;
			shellScript = "\"${SRCROOT}/Pods/Target Support Files/Pods-PokeFinder/Pods-PokeFinder-resources.sh\"\n";
			showEnvVarsInLog = 0;
		};
		1120F274CBC18FFA17E1447A /* [CP] Embed Pods Frameworks */ = {
			isa = PBXShellScriptBuildPhase;
			buildActionMask = 2147483647;
			files = (
			);
			inputPaths = (
			);
			name = "[CP] Embed Pods Frameworks";
			outputPaths = (
			);
			runOnlyForDeploymentPostprocessing = 0;
			shellPath = /bin/sh;
			shellScript = "\"${SRCROOT}/Pods/Target Support Files/Pods-PokeFinder/Pods-PokeFinder-frameworks.sh\"\n";
			showEnvVarsInLog = 0;
		};
		37C307311C037D168A9A3D7E /* [CP] Check Pods Manifest.lock */ = {
			isa = PBXShellScriptBuildPhase;
			buildActionMask = 2147483647;
			files = (
			);
			inputPaths = (
			);
			name = "[CP] Check Pods Manifest.lock";
			outputPaths = (
			);
			runOnlyForDeploymentPostprocessing = 0;
			shellPath = /bin/sh;
			shellScript = "diff \"${PODS_ROOT}/../Podfile.lock\" \"${PODS_ROOT}/Manifest.lock\" > /dev/null\nif [ $? != 0 ] ; then\n    # print error to STDERR\n    echo \"error: The sandbox is not in sync with the Podfile.lock. Run 'pod install' or update your CocoaPods installation.\" >&2\n    exit 1\nfi\n";
			showEnvVarsInLog = 0;
		};
/* End PBXShellScriptBuildPhase section */

/* Begin PBXSourcesBuildPhase section */
		151490791E37C21D00CE356A /* Sources */ = {
			isa = PBXSourcesBuildPhase;
			buildActionMask = 2147483647;
			files = (
				155449B21E3D20F2008C6BAF /* GFBase32Utils.m in Sources */,
				155449BC1E3D260E008C6BAF /* PokeAnnotation.swift in Sources */,
				151490831E37C21D00CE356A /* ViewController.swift in Sources */,
				155449B31E3D20F2008C6BAF /* GFGeoHash.m in Sources */,
				151490811E37C21D00CE356A /* AppDelegate.swift in Sources */,
				155449B11E3D20F2008C6BAF /* GeoFire.m in Sources */,
				155449B41E3D20F2008C6BAF /* GFGeoHashQuery.m in Sources */,
				155449B51E3D20F2008C6BAF /* GFQuery.m in Sources */,
			);
			runOnlyForDeploymentPostprocessing = 0;
		};
/* End PBXSourcesBuildPhase section */

/* Begin PBXVariantGroup section */
		151490841E37C21D00CE356A /* Main.storyboard */ = {
			isa = PBXVariantGroup;
			children = (
				151490851E37C21D00CE356A /* Base */,
			);
			name = Main.storyboard;
			sourceTree = "<group>";
		};
		151490891E37C21D00CE356A /* LaunchScreen.storyboard */ = {
			isa = PBXVariantGroup;
			children = (
				1514908A1E37C21D00CE356A /* Base */,
			);
			name = LaunchScreen.storyboard;
			sourceTree = "<group>";
		};
/* End PBXVariantGroup section */

/* Begin XCBuildConfiguration section */
		1514908D1E37C21D00CE356A /* Debug */ = {
			isa = XCBuildConfiguration;
			buildSettings = {
				ALWAYS_SEARCH_USER_PATHS = NO;
				CLANG_ANALYZER_NONNULL = YES;
				CLANG_CXX_LANGUAGE_STANDARD = "gnu++0x";
				CLANG_CXX_LIBRARY = "libc++";
				CLANG_ENABLE_MODULES = YES;
				CLANG_ENABLE_OBJC_ARC = YES;
				CLANG_WARN_BOOL_CONVERSION = YES;
				CLANG_WARN_CONSTANT_CONVERSION = YES;
				CLANG_WARN_DIRECT_OBJC_ISA_USAGE = YES_ERROR;
				CLANG_WARN_DOCUMENTATION_COMMENTS = YES;
				CLANG_WARN_EMPTY_BODY = YES;
				CLANG_WARN_ENUM_CONVERSION = YES;
				CLANG_WARN_INFINITE_RECURSION = YES;
				CLANG_WARN_INT_CONVERSION = YES;
				CLANG_WARN_OBJC_ROOT_CLASS = YES_ERROR;
				CLANG_WARN_SUSPICIOUS_MOVES = YES;
				CLANG_WARN_UNREACHABLE_CODE = YES;
				CLANG_WARN__DUPLICATE_METHOD_MATCH = YES;
				"CODE_SIGN_IDENTITY[sdk=iphoneos*]" = "iPhone Developer";
				COPY_PHASE_STRIP = NO;
				DEBUG_INFORMATION_FORMAT = dwarf;
				ENABLE_STRICT_OBJC_MSGSEND = YES;
				ENABLE_TESTABILITY = YES;
				GCC_C_LANGUAGE_STANDARD = gnu99;
				GCC_DYNAMIC_NO_PIC = NO;
				GCC_NO_COMMON_BLOCKS = YES;
				GCC_OPTIMIZATION_LEVEL = 0;
				GCC_PREPROCESSOR_DEFINITIONS = (
					"DEBUG=1",
					"$(inherited)",
				);
				GCC_WARN_64_TO_32_BIT_CONVERSION = YES;
				GCC_WARN_ABOUT_RETURN_TYPE = YES_ERROR;
				GCC_WARN_UNDECLARED_SELECTOR = YES;
				GCC_WARN_UNINITIALIZED_AUTOS = YES_AGGRESSIVE;
				GCC_WARN_UNUSED_FUNCTION = YES;
				GCC_WARN_UNUSED_VARIABLE = YES;
				IPHONEOS_DEPLOYMENT_TARGET = 10.1;
				MTL_ENABLE_DEBUG_INFO = YES;
				ONLY_ACTIVE_ARCH = YES;
				SDKROOT = iphoneos;
				SWIFT_ACTIVE_COMPILATION_CONDITIONS = DEBUG;
				SWIFT_OPTIMIZATION_LEVEL = "-Onone";
			};
			name = Debug;
		};
		1514908E1E37C21D00CE356A /* Release */ = {
			isa = XCBuildConfiguration;
			buildSettings = {
				ALWAYS_SEARCH_USER_PATHS = NO;
				CLANG_ANALYZER_NONNULL = YES;
				CLANG_CXX_LANGUAGE_STANDARD = "gnu++0x";
				CLANG_CXX_LIBRARY = "libc++";
				CLANG_ENABLE_MODULES = YES;
				CLANG_ENABLE_OBJC_ARC = YES;
				CLANG_WARN_BOOL_CONVERSION = YES;
				CLANG_WARN_CONSTANT_CONVERSION = YES;
				CLANG_WARN_DIRECT_OBJC_ISA_USAGE = YES_ERROR;
				CLANG_WARN_DOCUMENTATION_COMMENTS = YES;
				CLANG_WARN_EMPTY_BODY = YES;
				CLANG_WARN_ENUM_CONVERSION = YES;
				CLANG_WARN_INFINITE_RECURSION = YES;
				CLANG_WARN_INT_CONVERSION = YES;
				CLANG_WARN_OBJC_ROOT_CLASS = YES_ERROR;
				CLANG_WARN_SUSPICIOUS_MOVES = YES;
				CLANG_WARN_UNREACHABLE_CODE = YES;
				CLANG_WARN__DUPLICATE_METHOD_MATCH = YES;
				"CODE_SIGN_IDENTITY[sdk=iphoneos*]" = "iPhone Developer";
				COPY_PHASE_STRIP = NO;
				DEBUG_INFORMATION_FORMAT = "dwarf-with-dsym";
				ENABLE_NS_ASSERTIONS = NO;
				ENABLE_STRICT_OBJC_MSGSEND = YES;
				GCC_C_LANGUAGE_STANDARD = gnu99;
				GCC_NO_COMMON_BLOCKS = YES;
				GCC_WARN_64_TO_32_BIT_CONVERSION = YES;
				GCC_WARN_ABOUT_RETURN_TYPE = YES_ERROR;
				GCC_WARN_UNDECLARED_SELECTOR = YES;
				GCC_WARN_UNINITIALIZED_AUTOS = YES_AGGRESSIVE;
				GCC_WARN_UNUSED_FUNCTION = YES;
				GCC_WARN_UNUSED_VARIABLE = YES;
				IPHONEOS_DEPLOYMENT_TARGET = 10.1;
				MTL_ENABLE_DEBUG_INFO = NO;
				SDKROOT = iphoneos;
				SWIFT_OPTIMIZATION_LEVEL = "-Owholemodule";
				VALIDATE_PRODUCT = YES;
			};
			name = Release;
		};
		151490901E37C21D00CE356A /* Debug */ = {
			isa = XCBuildConfiguration;
			baseConfigurationReference = 1B64E56A9DE14CFFEC52703B /* Pods-PokeFinder.debug.xcconfig */;
			buildSettings = {
				ASSETCATALOG_COMPILER_APPICON_NAME = AppIcon;
				CLANG_ENABLE_MODULES = YES;
				DEVELOPMENT_TEAM = AF7QK5XC7P;
				INFOPLIST_FILE = PokeFinder/Info.plist;
				LD_RUNPATH_SEARCH_PATHS = "$(inherited) @executable_path/Frameworks";
				PRODUCT_BUNDLE_IDENTIFIER = com.arehsan.PokeFinder;
				PRODUCT_NAME = "$(TARGET_NAME)";
				SWIFT_OBJC_BRIDGING_HEADER = "PokeFinder/PokeFinder-Bridging-Header.h";
				SWIFT_OPTIMIZATION_LEVEL = "-Onone";
				SWIFT_VERSION = 3.0;
			};
			name = Debug;
		};
		151490911E37C21D00CE356A /* Release */ = {
			isa = XCBuildConfiguration;
			baseConfigurationReference = DC78FFC1B16359EE95017F5E /* Pods-PokeFinder.release.xcconfig */;
			buildSettings = {
				ASSETCATALOG_COMPILER_APPICON_NAME = AppIcon;
				CLANG_ENABLE_MODULES = YES;
				DEVELOPMENT_TEAM = AF7QK5XC7P;
				INFOPLIST_FILE = PokeFinder/Info.plist;
				LD_RUNPATH_SEARCH_PATHS = "$(inherited) @executable_path/Frameworks";
				PRODUCT_BUNDLE_IDENTIFIER = com.arehsan.PokeFinder;
				PRODUCT_NAME = "$(TARGET_NAME)";
				SWIFT_OBJC_BRIDGING_HEADER = "PokeFinder/PokeFinder-Bridging-Header.h";
				SWIFT_VERSION = 3.0;
			};
			name = Release;
		};
/* End XCBuildConfiguration section */

/* Begin XCConfigurationList section */
		151490781E37C21D00CE356A /* Build configuration list for PBXProject "PokeFinder" */ = {
			isa = XCConfigurationList;
			buildConfigurations = (
				1514908D1E37C21D00CE356A /* Debug */,
				1514908E1E37C21D00CE356A /* Release */,
			);
			defaultConfigurationIsVisible = 0;
			defaultConfigurationName = Release;
		};
		1514908F1E37C21D00CE356A /* Build configuration list for PBXNativeTarget "PokeFinder" */ = {
			isa = XCConfigurationList;
			buildConfigurations = (
				151490901E37C21D00CE356A /* Debug */,
				151490911E37C21D00CE356A /* Release */,
			);
			defaultConfigurationIsVisible = 0;
			defaultConfigurationName = Release;
		};
/* End XCConfigurationList section */
	};
	rootObject = 151490751E37C21D00CE356A /* Project object */;
}
